Microsoft Visual Studio Solution File, Format Version 12.00
# Visual Studio Version 17
Project("{FAE04EC0-301F-11D3-BF4B-00C04F79EFBC}") = "RealisticBattlePlanning", "src\RealisticBattlePlanning\RealisticBattlePlanning.csproj", "{6F2B4B7E-1A1F-4B6E-9F70-0D3C9B8E2A11}"
EndProject
Project("{FAE04EC0-301F-11D3-BF4B-00C04F79EFBC}") = "RealisticBattlePlanning.Core", "src\RealisticBattlePlanning.Core\RealisticBattlePlanning.Core.csproj", "{2D9C5A40-83E7-4E5B-9A06-51B2C2F4E7A2}"
EndProject
Project("{FAE04EC0-301F-11D3-BF4B-00C04F79EFBC}") = "RealisticBattlePlanning.Core.Tests", "src\RealisticBattlePlanning.Core.Tests\RealisticBattlePlanning.Core.Tests.csproj", "{B53C19D8-6A0E-47C4-8F1B-7E94A0D6C3F5}"
EndProject
Project("{FAE04EC0-301F-11D3-BF4B-00C04F79EFBC}") = "ModDebugKit", "src\ModDebugKit\ModDebugKit.csproj", "{C7A1F2E0-1111-4B22-9C33-000000000010}"
EndProject
Project("{FAE04EC0-301F-11D3-BF4B-00C04F79EFBC}") = "ModDebugKit.Core", "src\ModDebugKit.Core\ModDebugKit.Core.csproj", "{C7A1F2E0-2222-4B22-9C33-000000000020}"
EndProject
Project("{FAE04EC0-301F-11D3-BF4B-00C04F79EFBC}") = "ModDebugKit.Core.Tests", "src\ModDebugKit.Core.Tests\ModDebugKit.Core.Tests.csproj", "{C7A1F2E0-3333-4B22-9C33-000000000030}"
EndProject
Global
	GlobalSection(SolutionConfigurationPlatforms) = preSolution
		Debug|x64 = Debug|x64
		Release|x64 = Release|x64
	EndGlobalSection
	GlobalSection(ProjectConfigurationPlatforms) = postSolution
		{6F2B4B7E-1A1F-4B6E-9F70-0D3C9B8E2A11}.Debug|x64.ActiveCfg = Debug|x64
		{6F2B4B7E-1A1F-4B6E-9F70-0D3C9B8E2A11}.Debug|x64.Build.0 = Debug|x64
		{6F2B4B7E-1A1F-4B6E-9F70-0D3C9B8E2A11}.Release|x64.ActiveCfg = Release|x64
		{6F2B4B7E-1A1F-4B6E-9F70-0D3C9B8E2A11}.Release|x64.Build.0 = Release|x64
		{2D9C5A40-83E7-4E5B-9A06-51B2C2F4E7A2}.Debug|x64.ActiveCfg = Debug|Any CPU
		{2D9C5A40-83E7-4E5B-9A06-51B2C2F4E7A2}.Debug|x64.Build.0 = Debug|Any CPU
		{2D9C5A40-83E7-4E5B-9A06-51B2C2F4E7A2}.Release|x64.ActiveCfg = Release|Any CPU
		{2D9C5A40-83E7-4E5B-9A06-51B2C2F4E7A2}.Release|x64.Build.0 = Release|Any CPU
		{B53C19D8-6A0E-47C4-8F1B-7E94A0D6C3F5}.Debug|x64.ActiveCfg = Debug|Any CPU
		{B53C19D8-6A0E-47C4-8F1B-7E94A0D6C3F5}.Debug|x64.Build.0 = Debug|Any CPU
		{B53C19D8-6A0E-47C4-8F1B-7E94A0D6C3F5}.Release|x64.ActiveCfg = Release|Any CPU
		{B53C19D8-6A0E-47C4-8F1B-7E94A0D6C3F5}.Release|x64.Build.0 = Release|Any CPU
		{C7A1F2E0-1111-4B22-9C33-000000000010}.Debug|x64.ActiveCfg = Debug|x64
		{C7A1F2E0-1111-4B22-9C33-000000000010}.Debug|x64.Build.0 = Debug|x64
		{C7A1F2E0-1111-4B22-9C33-000000000010}.Release|x64.ActiveCfg = Release|x64
		{C7A1F2E0-1111-4B22-9C33-000000000010}.Release|x64.Build.0 = Release|x64
		{C7A1F2E0-2222-4B22-9C33-000000000020}.Debug|x64.ActiveCfg = Debug|Any CPU
		{C7A1F2E0-2222-4B22-9C33-000000000020}.Debug|x64.Build.0 = Debug|Any CPU
		{C7A1F2E0-2222-4B22-9C33-000000000020}.Release|x64.ActiveCfg = Release|Any CPU
		{C7A1F2E0-2222-4B22-9C33-000000000020}.Release|x64.Build.0 = Release|Any CPU
		{C7A1F2E0-3333-4B22-9C33-000000000030}.Debug|x64.ActiveCfg = Debug|Any CPU
		{C7A1F2E0-3333-4B22-9C33-000000000030}.Debug|x64.Build.0 = Debug|Any CPU
		{C7A1F2E0-3333-4B22-9C33-000000000030}.Release|x64.ActiveCfg = Release|Any CPU
		{C7A1F2E0-3333-4B22-9C33-000000000030}.Release|x64.Build.0 = Release|Any CPU
	EndGlobalSection
EndGlobal
